// !$*UTF8*$!
{
	archiveVersion = 1;
	classes = {
	};
	objectVersion = 46;
	objects = {

/* Begin PBXBuildFile section */
		B2D825BD1B2D56F50091DE0D /* AppDelegate.swift in Sources */ = {isa = PBXBuildFile; fileRef = B2D825BC1B2D56F50091DE0D /* AppDelegate.swift */; };
		B2D825BF1B2D56F50091DE0D /* ViewController.swift in Sources */ = {isa = PBXBuildFile; fileRef = B2D825BE1B2D56F50091DE0D /* ViewController.swift */; };
		B2D825C21B2D56F50091DE0D /* Main.storyboard in Resources */ = {isa = PBXBuildFile; fileRef = B2D825C01B2D56F50091DE0D /* Main.storyboard */; };
		B2D825C41B2D56F50091DE0D /* Images.xcassets in Resources */ = {isa = PBXBuildFile; fileRef = B2D825C31B2D56F50091DE0D /* Images.xcassets */; };
		B2D825C71B2D56F50091DE0D /* LaunchScreen.xib in Resources */ = {isa = PBXBuildFile; fileRef = B2D825C51B2D56F50091DE0D /* LaunchScreen.xib */; };
		B2D825D31B2D56F50091DE0D /* CalculatorTests.swift in Sources */ = {isa = PBXBuildFile; fileRef = B2D825D21B2D56F50091DE0D /* CalculatorTests.swift */; };
/* End PBXBuildFile section */

/* Begin PBXContainerItemProxy section */
		B2D825CD1B2D56F50091DE0D /* PBXContainerItemProxy */ = {
			isa = PBXContainerItemProxy;
			containerPortal = B2D825AF1B2D56F50091DE0D /* Project object */;
			proxyType = 1;
			remoteGlobalIDString = B2D825B61B2D56F50091DE0D;
			remoteInfo = Calculator;
		};
/* End PBXContainerItemProxy section */

/* Begin PBXFileReference section */
		B2D825B71B2D56F50091DE0D /* Calculator.app */ = {isa = PBXFileReference; explicitFileType = wrapper.application; includeInIndex = 0; path = Calculator.app; sourceTree = BUILT_PRODUCTS_DIR; };
		B2D825BB1B2D56F50091DE0D /* Info.plist */ = {isa = PBXFileReference; lastKnownFileType = text.plist.xml; path = Info.plist; sourceTree = "<group>"; };
		B2D825BC1B2D56F50091DE0D /* AppDelegate.swift */ = {isa = PBXFileReference; lastKnownFileType = sourcecode.swift; path = AppDelegate.swift; sourceTree = "<group>"; };
		B2D825BE1B2D56F50091DE0D /* ViewController.swift */ = {isa = PBXFileReference; lastKnownFileType = sourcecode.swift; path = ViewController.swift; sourceTree = "<group>"; };
		B2D825C11B2D56F50091DE0D /* Base */ = {isa = PBXFileReference; lastKnownFileType = file.storyboard; name = Base; path = Base.lproj/Main.storyboard; sourceTree = "<group>"; };
		B2D825C31B2D56F50091DE0D /* Images.xcassets */ = {isa = PBXFileReference; lastKnownFileType = folder.assetcatalog; path = Images.xcassets; sourceTree = "<group>"; };
		B2D825C61B2D56F50091DE0D /* Base */ = {isa = PBXFileReference; lastKnownFileType = file.xib; name = Base; path = Base.lproj/LaunchScreen.xib; sourceTree = "<group>"; };
		B2D825CC1B2D56F50091DE0D /* CalculatorTests.xctest */ = {isa = PBXFileReference; explicitFileType = wrapper.cfbundle; includeInIndex = 0; path = CalculatorTests.xctest; sourceTree = BUILT_PRODUCTS_DIR; };
		B2D825D11B2D56F50091DE0D /* Info.plist */ = {isa = PBXFileReference; lastKnownFileType = text.plist.xml; path = Info.plist; sourceTree = "<group>"; };
		B2D825D21B2D56F50091DE0D /* CalculatorTests.swift */ = {isa = PBXFileReference; lastKnownFileType = sourcecode.swift; path = CalculatorTests.swift; sourceTree = "<group>"; };
/* End PBXFileReference section */

/* Begin PBXFrameworksBuildPhase section */
		B2D825B41B2D56F50091DE0D /* Frameworks */ = {
			isa = PBXFrameworksBuildPhase;
			buildActionMask = 2147483647;
			files = (
			);
			runOnlyForDeploymentPostprocessing = 0;
		};
		B2D825C91B2D56F50091DE0D /* Frameworks */ = {
			isa = PBXFrameworksBuildPhase;
			buildActionMask = 2147483647;
			files = (
			);
			runOnlyForDeploymentPostprocessing = 0;
		};
/* End PBXFrameworksBuildPhase section */

/* Begin PBXGroup section */
		B2D825AE1B2D56F50091DE0D = {
			isa = PBXGroup;
			children = (
				B2D825B91B2D56F50091DE0D /* Calculator */,
				B2D825CF1B2D56F50091DE0D /* CalculatorTests */,
				B2D825B81B2D56F50091DE0D /* Products */,
			);
			sourceTree = "<group>";
		};
		B2D825B81B2D56F50091DE0D /* Products */ = {
			isa = PBXGroup;
			children = (
				B2D825B71B2D56F50091DE0D /* Calculator.app */,
				B2D825CC1B2D56F50091DE0D /* CalculatorTests.xctest */,
			);
			name = Products;
			sourceTree = "<group>";
		};
		B2D825B91B2D56F50091DE0D /* Calculator */ = {
			isa = PBXGroup;
			children = (
				B2D825BC1B2D56F50091DE0D /* AppDelegate.swift */,
				B2D825BE1B2D56F50091DE0D /* ViewController.swift */,
				B2D825C01B2D56F50091DE0D /* Main.storyboard */,
				B2D825C31B2D56F50091DE0D /* Images.xcassets */,
				B2D825C51B2D56F50091DE0D /* LaunchScreen.xib */,
				B2D825BA1B2D56F50091DE0D /* Supporting Files */,
			);
			path = Calculator;
			sourceTree = "<group>";
		};
		B2D825BA1B2D56F50091DE0D /* Supporting Files */ = {
			isa = PBXGroup;
			children = (
				B2D825BB1B2D56F50091DE0D /* Info.plist */,
			);
			name = "Supporting Files";
			sourceTree = "<group>";
		};
		B2D825CF1B2D56F50091DE0D /* CalculatorTests */ = {
			isa = PBXGroup;
			children = (
				B2D825D21B2D56F50091DE0D /* CalculatorTests.swift */,
				B2D825D01B2D56F50091DE0D /* Supporting Files */,
			);
			path = CalculatorTests;
			sourceTree = "<group>";
		};
		B2D825D01B2D56F50091DE0D /* Supporting Files */ = {
			isa = PBXGroup;
			children = (
				B2D825D11B2D56F50091DE0D /* Info.plist */,
			);
			name = "Supporting Files";
			sourceTree = "<group>";
		};
/* End PBXGroup section */

/* Begin PBXNativeTarget section */
		B2D825B61B2D56F50091DE0D /* Calculator */ = {
			isa = PBXNativeTarget;
			buildConfigurationList = B2D825D61B2D56F50091DE0D /* Build configuration list for PBXNativeTarget "Calculator" */;
			buildPhases = (
				B2D825B31B2D56F50091DE0D /* Sources */,
				B2D825B41B2D56F50091DE0D /* Frameworks */,
				B2D825B51B2D56F50091DE0D /* Resources */,
			);
			buildRules = (
			);
			dependencies = (
			);
			name = Calculator;
			productName = Calculator;
			productReference = B2D825B71B2D56F50091DE0D /* Calculator.app */;
			productType = "com.apple.product-type.application";
		};
		B2D825CB1B2D56F50091DE0D /* CalculatorTests */ = {
			isa = PBXNativeTarget;
			buildConfigurationList = B2D825D91B2D56F50091DE0D /* Build configuration list for PBXNativeTarget "CalculatorTests" */;
			buildPhases = (
				B2D825C81B2D56F50091DE0D /* Sources */,
				B2D825C91B2D56F50091DE0D /* Frameworks */,
				B2D825CA1B2D56F50091DE0D /* Resources */,
			);
			buildRules = (
			);
			dependencies = (
				B2D825CE1B2D56F50091DE0D /* PBXTargetDependency */,
			);
			name = CalculatorTests;
			productName = CalculatorTests;
			productReference = B2D825CC1B2D56F50091DE0D /* CalculatorTests.xctest */;
			productType = "com.apple.product-type.bundle.unit-test";
		};
/* End PBXNativeTarget section */

/* Begin PBXProject section */
		B2D825AF1B2D56F50091DE0D /* Project object */ = {
			isa = PBXProject;
			attributes = {
				LastUpgradeCheck = 0630;
				ORGANIZATIONNAME = "諸星智也";
				TargetAttributes = {
					B2D825B61B2D56F50091DE0D = {
						CreatedOnToolsVersion = 6.3.1;
					};
					B2D825CB1B2D56F50091DE0D = {
						CreatedOnToolsVersion = 6.3.1;
						TestTargetID = B2D825B61B2D56F50091DE0D;
					};
				};
			};
			buildConfigurationList = B2D825B21B2D56F50091DE0D /* Build configuration list for PBXProject "Calculator" */;
			compatibilityVersion = "Xcode 3.2";
			developmentRegion = English;
			hasScannedForEncodings = 0;
			knownRegions = (
				en,
				Base,
			);
			mainGroup = B2D825AE1B2D56F50091DE0D;
			productRefGroup = B2D825B81B2D56F50091DE0D /* Products */;
			projectDirPath = "";
			projectRoot = "";
			targets = (
				B2D825B61B2D56F50091DE0D /* Calculator */,
				B2D825CB1B2D56F50091DE0D /* CalculatorTests */,
			);
		};
/* End PBXProject section */

/* Begin PBXResourcesBuildPhase section */
		B2D825B51B2D56F50091DE0D /* Resources */ = {
			isa = PBXResourcesBuildPhase;
			buildActionMask = 2147483647;
			files = (
				B2D825C21B2D56F50091DE0D /* Main.storyboard in Resources */,
				B2D825C71B2D56F50091DE0D /* LaunchScreen.xib in Resources */,
				B2D825C41B2D56F50091DE0D /* Images.xcassets in Resources */,
			);
			runOnlyForDeploymentPostprocessing = 0;
		};
		B2D825CA1B2D56F50091DE0D /* Resources */ = {
			isa = PBXResourcesBuildPhase;
			buildActionMask = 2147483647;
			files = (
			);
			runOnlyForDeploymentPostprocessing = 0;
		};
/* End PBXResourcesBuildPhase section */

/* Begin PBXSourcesBuildPhase section */
		B2D825B31B2D56F50091DE0D /* Sources */ = {
			isa = PBXSourcesBuildPhase;
			buildActionMask = 2147483647;
			files = (
				B2D825BF1B2D56F50091DE0D /* ViewController.swift in Sources */,
				B2D825BD1B2D56F50091DE0D /* AppDelegate.swift in Sources */,
			);
			runOnlyForDeploymentPostprocessing = 0;
		};
		B2D825C81B2D56F50091DE0D /* Sources */ = {
			isa = PBXSourcesBuildPhase;
			buildActionMask = 2147483647;
			files = (
				B2D825D31B2D56F50091DE0D /* CalculatorTests.swift in Sources */,
			);
			runOnlyForDeploymentPostprocessing = 0;
		};
/* End PBXSourcesBuildPhase section */

/* Begin PBXTargetDependency section */
		B2D825CE1B2D56F50091DE0D /* PBXTargetDependency */ = {
			isa = PBXTargetDependency;
			target = B2D825B61B2D56F50091DE0D /* Calculator */;
			targetProxy = B2D825CD1B2D56F50091DE0D /* PBXContainerItemProxy */;
		};
/* End PBXTargetDependency section */

/* Begin PBXVariantGroup section */
		B2D825C01B2D56F50091DE0D /* Main.storyboard */ = {
			isa = PBXVariantGroup;
			children = (
				B2D825C11B2D56F50091DE0D /* Base */,
			);
			name = Main.storyboard;
			sourceTree = "<group>";
		};
		B2D825C51B2D56F50091DE0D /* LaunchScreen.xib */ = {
			isa = PBXVariantGroup;
			children = (
				B2D825C61B2D56F50091DE0D /* Base */,
			);
			name = LaunchScreen.xib;
			sourceTree = "<group>";
		};
/* End PBXVariantGroup section */

/* Begin XCBuildConfiguration section */
		B2D825D41B2D56F50091DE0D /* Debug */ = {
			isa = XCBuildConfiguration;
			buildSettings = {
				ALWAYS_SEARCH_USER_PATHS = NO;
				CLANG_CXX_LANGUAGE_STANDARD = "gnu++0x";
				CLANG_CXX_LIBRARY = "libc++";
				CLANG_ENABLE_MODULES = YES;
				CLANG_ENABLE_OBJC_ARC = YES;
				CLANG_WARN_BOOL_CONVERSION = YES;
				CLANG_WARN_CONSTANT_CONVERSION = YES;
				CLANG_WARN_DIRECT_OBJC_ISA_USAGE = YES_ERROR;
				CLANG_WARN_EMPTY_BODY = YES;
				CLANG_WARN_ENUM_CONVERSION = YES;
				CLANG_WARN_INT_CONVERSION = YES;
				CLANG_WARN_OBJC_ROOT_CLASS = YES_ERROR;
				CLANG_WARN_UNREACHABLE_CODE = YES;
				CLANG_WARN__DUPLICATE_METHOD_MATCH = YES;
				"CODE_SIGN_IDENTITY[sdk=iphoneos*]" = "iPhone Developer";
				COPY_PHASE_STRIP = NO;
				DEBUG_INFORMATION_FORMAT = "dwarf-with-dsym";
				ENABLE_STRICT_OBJC_MSGSEND = YES;
				GCC_C_LANGUAGE_STANDARD = gnu99;
				GCC_DYNAMIC_NO_PIC = NO;
				GCC_NO_COMMON_BLOCKS = YES;
				GCC_OPTIMIZATION_LEVEL = 0;
				GCC_PREPROCESSOR_DEFINITIONS = (
					"DEBUG=1",
					"$(inherited)",
				);
				GCC_SYMBOLS_PRIVATE_EXTERN = NO;
				GCC_WARN_64_TO_32_BIT_CONVERSION = YES;
				GCC_WARN_ABOUT_RETURN_TYPE = YES_ERROR;
				GCC_WARN_UNDECLARED_SELECTOR = YES;
				GCC_WARN_UNINITIALIZED_AUTOS = YES_AGGRESSIVE;
				GCC_WARN_UNUSED_FUNCTION = YES;
				GCC_WARN_UNUSED_VARIABLE = YES;
				IPHONEOS_DEPLOYMENT_TARGET = 8.3;
				MTL_ENABLE_DEBUG_INFO = YES;
				ONLY_ACTIVE_ARCH = YES;
				SDKROOT = iphoneos;
				SWIFT_OPTIMIZATION_LEVEL = "-Onone";
			};
			name = Debug;
		};
		B2D825D51B2D56F50091DE0D /* Release */ = {
			isa = XCBuildConfiguration;
			buildSettings = {
				ALWAYS_SEARCH_USER_PATHS = NO;
				CLANG_CXX_LANGUAGE_STANDARD = "gnu++0x";
				CLANG_CXX_LIBRARY = "libc++";
				CLANG_ENABLE_MODULES = YES;
				CLANG_ENABLE_OBJC_ARC = YES;
				CLANG_WARN_BOOL_CONVERSION = YES;
				CLANG_WARN_CONSTANT_CONVERSION = YES;
				CLANG_WARN_DIRECT_OBJC_ISA_USAGE = YES_ERROR;
				CLANG_WARN_EMPTY_BODY = YES;
				CLANG_WARN_ENUM_CONVERSION = YES;
				CLANG_WARN_INT_CONVERSION = YES;
				CLANG_WARN_OBJC_ROOT_CLASS = YES_ERROR;
				CLANG_WARN_UNREACHABLE_CODE = YES;
				CLANG_WARN__DUPLICATE_METHOD_MATCH = YES;
				"CODE_SIGN_IDENTITY[sdk=iphoneos*]" = "iPhone Developer";
				COPY_PHASE_STRIP = NO;
				DEBUG_INFORMATION_FORMAT = "dwarf-with-dsym";
				ENABLE_NS_ASSERTIONS = NO;
				ENABLE_STRICT_OBJC_MSGSEND = YES;
				GCC_C_LANGUAGE_STANDARD = gnu99;
				GCC_NO_COMMON_BLOCKS = YES;
				GCC_WARN_64_TO_32_BIT_CONVERSION = YES;
				GCC_WARN_ABOUT_RETURN_TYPE = YES_ERROR;
				GCC_WARN_UNDECLARED_SELECTOR = YES;
				GCC_WARN_UNINITIALIZED_AUTOS = YES_AGGRESSIVE;
				GCC_WARN_UNUSED_FUNCTION = YES;
				GCC_WARN_UNUSED_VARIABLE = YES;
				IPHONEOS_DEPLOYMENT_TARGET = 8.3;
				MTL_ENABLE_DEBUG_INFO = NO;
				SDKROOT = iphoneos;
				VALIDATE_PRODUCT = YES;
			};
			name = Release;
		};
		B2D825D71B2D56F50091DE0D /* Debug */ = {
			isa = XCBuildConfiguration;
			buildSettings = {
				ASSETCATALOG_COMPILER_APPICON_NAME = AppIcon;
				INFOPLIST_FILE = Calculator/Info.plist;
				LD_RUNPATH_SEARCH_PATHS = "$(inherited) @executable_path/Frameworks";
				PRODUCT_NAME = "$(TARGET_NAME)";
			};
			name = Debug;
		};
		B2D825D81B2D56F50091DE0D /* Release */ = {
			isa = XCBuildConfiguration;
			buildSettings = {
				ASSETCATALOG_COMPILER_APPICON_NAME = AppIcon;
				INFOPLIST_FILE = Calculator/Info.plist;
				LD_RUNPATH_SEARCH_PATHS = "$(inherited) @executable_path/Frameworks";
				PRODUCT_NAME = "$(TARGET_NAME)";
			};
			name = Release;
		};
		B2D825DA1B2D56F50091DE0D /* Debug */ = {
			isa = XCBuildConfiguration;
			buildSettings = {
				BUNDLE_LOADER = "$(TEST_HOST)";
				FRAMEWORK_SEARCH_PATHS = (
					"$(SDKROOT)/Developer/Library/Frameworks",
					"$(inherited)",
				);
				GCC_PREPROCESSOR_DEFINITIONS = (
					"DEBUG=1",
					"$(inherited)",
				);
				INFOPLIST_FILE = CalculatorTests/Info.plist;
				LD_RUNPATH_SEARCH_PATHS = "$(inherited) @executable_path/Frameworks @loader_path/Frameworks";
				PRODUCT_NAME = "$(TARGET_NAME)";
				TEST_HOST = "$(BUILT_PRODUCTS_DIR)/Calculator.app/Calculator";
			};
			name = Debug;
		};
		B2D825DB1B2D56F50091DE0D /* Release */ = {
			isa = XCBuildConfiguration;
			buildSettings = {
				BUNDLE_LOADER = "$(TEST_HOST)";
				FRAMEWORK_SEARCH_PATHS = (
					"$(SDKROOT)/Developer/Library/Frameworks",
					"$(inherited)",
				);
				INFOPLIST_FILE = CalculatorTests/Info.plist;
				LD_RUNPATH_SEARCH_PATHS = "$(inherited) @executable_path/Frameworks @loader_path/Frameworks";
				PRODUCT_NAME = "$(TARGET_NAME)";
				TEST_HOST = "$(BUILT_PRODUCTS_DIR)/Calculator.app/Calculator";
			};
			name = Release;
		};
/* End XCBuildConfiguration section */

/* Begin XCConfigurationList section */
		B2D825B21B2D56F50091DE0D /* Build configuration list for PBXProject "Calculator" */ = {
			isa = XCConfigurationList;
			buildConfigurations = (
				B2D825D41B2D56F50091DE0D /* Debug */,
				B2D825D51B2D56F50091DE0D /* Release */,
			);
			defaultConfigurationIsVisible = 0;
			defaultConfigurationName = Release;
		};
		B2D825D61B2D56F50091DE0D /* Build configuration list for PBXNativeTarget "Calculator" */ = {
			isa = XCConfigurationList;
			buildConfigurations = (
				B2D825D71B2D56F50091DE0D /* Debug */,
				B2D825D81B2D56F50091DE0D /* Release */,
			);
			defaultConfigurationIsVisible = 0;
		};
		B2D825D91B2D56F50091DE0D /* Build configuration list for PBXNativeTarget "CalculatorTests" */ = {
			isa = XCConfigurationList;
			buildConfigurations = (
				B2D825DA1B2D56F50091DE0D /* Debug */,
				B2D825DB1B2D56F50091DE0D /* Release */,
			);
			defaultConfigurationIsVisible = 0;
		};
/* End XCConfigurationList section */
	};
	rootObject = B2D825AF1B2D56F50091DE0D /* Project object */;
}
